// !$*UTF8*$!
{
	archiveVersion = 1;
	classes = {
	};
	objectVersion = 46;
	objects = {

/* Begin PBXBuildFile section */
		D03179EB1ACD3D350095D309 /* beep.wav in Resources */ = {isa = PBXBuildFile; fileRef = D03179EA1ACD3D350095D309 /* beep.wav */; };
		D0CAD9C11AA8008C00D6605B /* main.m in Sources */ = {isa = PBXBuildFile; fileRef = D0CAD9C01AA8008C00D6605B /* main.m */; };
		D0CAD9C41AA8008C00D6605B /* AppDelegate.m in Sources */ = {isa = PBXBuildFile; fileRef = D0CAD9C31AA8008C00D6605B /* AppDelegate.m */; };
		D0CAD9C71AA8008C00D6605B /* ViewController.m in Sources */ = {isa = PBXBuildFile; fileRef = D0CAD9C61AA8008C00D6605B /* ViewController.m */; };
		D0CAD9CA1AA8008C00D6605B /* Main.storyboard in Resources */ = {isa = PBXBuildFile; fileRef = D0CAD9C81AA8008C00D6605B /* Main.storyboard */; };
		D0CAD9CC1AA8008C00D6605B /* Images.xcassets in Resources */ = {isa = PBXBuildFile; fileRef = D0CAD9CB1AA8008C00D6605B /* Images.xcassets */; };
		D0CAD9CF1AA8008C00D6605B /* LaunchScreen.xib in Resources */ = {isa = PBXBuildFile; fileRef = D0CAD9CD1AA8008C00D6605B /* LaunchScreen.xib */; };
		D0CAD9DB1AA8008C00D6605B /* XBScanQRTests.m in Sources */ = {isa = PBXBuildFile; fileRef = D0CAD9DA1AA8008C00D6605B /* XBScanQRTests.m */; };
		D0CAD9EC1AA8010200D6605B /* QRCameraSwitchButton.m in Sources */ = {isa = PBXBuildFile; fileRef = D0CAD9E61AA8010200D6605B /* QRCameraSwitchButton.m */; };
		D0CAD9ED1AA8010200D6605B /* QRCodeReaderView.m in Sources */ = {isa = PBXBuildFile; fileRef = D0CAD9E91AA8010200D6605B /* QRCodeReaderView.m */; };
		D0CAD9EE1AA8010200D6605B /* QRCodeReaderViewController.m in Sources */ = {isa = PBXBuildFile; fileRef = D0CAD9EB1AA8010200D6605B /* QRCodeReaderViewController.m */; };
/* End PBXBuildFile section */

/* Begin PBXContainerItemProxy section */
		D0CAD9D51AA8008C00D6605B /* PBXContainerItemProxy */ = {
			isa = PBXContainerItemProxy;
			containerPortal = D0CAD9B31AA8008C00D6605B /* Project object */;
			proxyType = 1;
			remoteGlobalIDString = D0CAD9BA1AA8008C00D6605B;
			remoteInfo = XBScanQR;
		};
/* End PBXContainerItemProxy section */

/* Begin PBXFileReference section */
		D03179EA1ACD3D350095D309 /* beep.wav */ = {isa = PBXFileReference; lastKnownFileType = audio.wav; path = beep.wav; sourceTree = "<group>"; };
		D0CAD9BB1AA8008C00D6605B /* XBScanQR.app */ = {isa = PBXFileReference; explicitFileType = wrapper.application; includeInIndex = 0; path = XBScanQR.app; sourceTree = BUILT_PRODUCTS_DIR; };
		D0CAD9BF1AA8008C00D6605B /* Info.plist */ = {isa = PBXFileReference; lastKnownFileType = text.plist.xml; path = Info.plist; sourceTree = "<group>"; };
		D0CAD9C01AA8008C00D6605B /* main.m */ = {isa = PBXFileReference; lastKnownFileType = sourcecode.c.objc; path = main.m; sourceTree = "<group>"; };
		D0CAD9C21AA8008C00D6605B /* AppDelegate.h */ = {isa = PBXFileReference; lastKnownFileType = sourcecode.c.h; path = AppDelegate.h; sourceTree = "<group>"; };
		D0CAD9C31AA8008C00D6605B /* AppDelegate.m */ = {isa = PBXFileReference; lastKnownFileType = sourcecode.c.objc; path = AppDelegate.m; sourceTree = "<group>"; };
		D0CAD9C51AA8008C00D6605B /* ViewController.h */ = {isa = PBXFileReference; lastKnownFileType = sourcecode.c.h; path = ViewController.h; sourceTree = "<group>"; };
		D0CAD9C61AA8008C00D6605B /* ViewController.m */ = {isa = PBXFileReference; lastKnownFileType = sourcecode.c.objc; path = ViewController.m; sourceTree = "<group>"; };
		D0CAD9C91AA8008C00D6605B /* Base */ = {isa = PBXFileReference; lastKnownFileType = file.storyboard; name = Base; path = Base.lproj/Main.storyboard; sourceTree = "<group>"; };
		D0CAD9CB1AA8008C00D6605B /* Images.xcassets */ = {isa = PBXFileReference; lastKnownFileType = folder.assetcatalog; path = Images.xcassets; sourceTree = "<group>"; };
		D0CAD9CE1AA8008C00D6605B /* Base */ = {isa = PBXFileReference; lastKnownFileType = file.xib; name = Base; path = Base.lproj/LaunchScreen.xib; sourceTree = "<group>"; };
		D0CAD9D41AA8008C00D6605B /* XBScanQRTests.xctest */ = {isa = PBXFileReference; explicitFileType = wrapper.cfbundle; includeInIndex = 0; path = XBScanQRTests.xctest; sourceTree = BUILT_PRODUCTS_DIR; };
		D0CAD9D91AA8008C00D6605B /* Info.plist */ = {isa = PBXFileReference; lastKnownFileType = text.plist.xml; path = Info.plist; sourceTree = "<group>"; };
		D0CAD9DA1AA8008C00D6605B /* XBScanQRTests.m */ = {isa = PBXFileReference; lastKnownFileType = sourcecode.c.objc; path = XBScanQRTests.m; sourceTree = "<group>"; };
		D0CAD9E51AA8010200D6605B /* QRCameraSwitchButton.h */ = {isa = PBXFileReference; fileEncoding = 4; lastKnownFileType = sourcecode.c.h; path = QRCameraSwitchButton.h; sourceTree = "<group>"; };
		D0CAD9E61AA8010200D6605B /* QRCameraSwitchButton.m */ = {isa = PBXFileReference; fileEncoding = 4; lastKnownFileType = sourcecode.c.objc; path = QRCameraSwitchButton.m; sourceTree = "<group>"; };
		D0CAD9E71AA8010200D6605B /* QRCodeReaderDelegate.h */ = {isa = PBXFileReference; fileEncoding = 4; lastKnownFileType = sourcecode.c.h; path = QRCodeReaderDelegate.h; sourceTree = "<group>"; };
		D0CAD9E81AA8010200D6605B /* QRCodeReaderView.h */ = {isa = PBXFileReference; fileEncoding = 4; lastKnownFileType = sourcecode.c.h; path = QRCodeReaderView.h; sourceTree = "<group>"; };
		D0CAD9E91AA8010200D6605B /* QRCodeReaderView.m */ = {isa = PBXFileReference; fileEncoding = 4; lastKnownFileType = sourcecode.c.objc; path = QRCodeReaderView.m; sourceTree = "<group>"; };
		D0CAD9EA1AA8010200D6605B /* QRCodeReaderViewController.h */ = {isa = PBXFileReference; fileEncoding = 4; lastKnownFileType = sourcecode.c.h; path = QRCodeReaderViewController.h; sourceTree = "<group>"; };
		D0CAD9EB1AA8010200D6605B /* QRCodeReaderViewController.m */ = {isa = PBXFileReference; fileEncoding = 4; lastKnownFileType = sourcecode.c.objc; path = QRCodeReaderViewController.m; sourceTree = "<group>"; };
/* End PBXFileReference section */

/* Begin PBXFrameworksBuildPhase section */
		D0CAD9B81AA8008C00D6605B /* Frameworks */ = {
			isa = PBXFrameworksBuildPhase;
			buildActionMask = 2147483647;
			files = (
			);
			runOnlyForDeploymentPostprocessing = 0;
		};
		D0CAD9D11AA8008C00D6605B /* Frameworks */ = {
			isa = PBXFrameworksBuildPhase;
			buildActionMask = 2147483647;
			files = (
			);
			runOnlyForDeploymentPostprocessing = 0;
		};
/* End PBXFrameworksBuildPhase section */

/* Begin PBXGroup section */
		D0CAD9B21AA8008C00D6605B = {
			isa = PBXGroup;
			children = (
				D0CAD9E41AA8010200D6605B /* QRCodeReaderViewController */,
				D0CAD9BD1AA8008C00D6605B /* XBScanQR */,
				D0CAD9D71AA8008C00D6605B /* XBScanQRTests */,
				D0CAD9BC1AA8008C00D6605B /* Products */,
			);
			sourceTree = "<group>";
		};
		D0CAD9BC1AA8008C00D6605B /* Products */ = {
			isa = PBXGroup;
			children = (
				D0CAD9BB1AA8008C00D6605B /* XBScanQR.app */,
				D0CAD9D41AA8008C00D6605B /* XBScanQRTests.xctest */,
			);
			name = Products;
			sourceTree = "<group>";
		};
		D0CAD9BD1AA8008C00D6605B /* XBScanQR */ = {
			isa = PBXGroup;
			children = (
				D0CAD9C21AA8008C00D6605B /* AppDelegate.h */,
				D0CAD9C31AA8008C00D6605B /* AppDelegate.m */,
				D0CAD9C51AA8008C00D6605B /* ViewController.h */,
				D0CAD9C61AA8008C00D6605B /* ViewController.m */,
				D0CAD9C81AA8008C00D6605B /* Main.storyboard */,
				D0CAD9CB1AA8008C00D6605B /* Images.xcassets */,
				D0CAD9CD1AA8008C00D6605B /* LaunchScreen.xib */,
				D0CAD9BE1AA8008C00D6605B /* Supporting Files */,
			);
			path = XBScanQR;
			sourceTree = "<group>";
		};
		D0CAD9BE1AA8008C00D6605B /* Supporting Files */ = {
			isa = PBXGroup;
			children = (
				D03179EA1ACD3D350095D309 /* beep.wav */,
				D0CAD9BF1AA8008C00D6605B /* Info.plist */,
				D0CAD9C01AA8008C00D6605B /* main.m */,
			);
			name = "Supporting Files";
			sourceTree = "<group>";
		};
		D0CAD9D71AA8008C00D6605B /* XBScanQRTests */ = {
			isa = PBXGroup;
			children = (
				D0CAD9DA1AA8008C00D6605B /* XBScanQRTests.m */,
				D0CAD9D81AA8008C00D6605B /* Supporting Files */,
			);
			path = XBScanQRTests;
			sourceTree = "<group>";
		};
		D0CAD9D81AA8008C00D6605B /* Supporting Files */ = {
			isa = PBXGroup;
			children = (
				D0CAD9D91AA8008C00D6605B /* Info.plist */,
			);
			name = "Supporting Files";
			sourceTree = "<group>";
		};
		D0CAD9E41AA8010200D6605B /* QRCodeReaderViewController */ = {
			isa = PBXGroup;
			children = (
				D0CAD9E51AA8010200D6605B /* QRCameraSwitchButton.h */,
				D0CAD9E61AA8010200D6605B /* QRCameraSwitchButton.m */,
				D0CAD9E71AA8010200D6605B /* QRCodeReaderDelegate.h */,
				D0CAD9E81AA8010200D6605B /* QRCodeReaderView.h */,
				D0CAD9E91AA8010200D6605B /* QRCodeReaderView.m */,
				D0CAD9EA1AA8010200D6605B /* QRCodeReaderViewController.h */,
				D0CAD9EB1AA8010200D6605B /* QRCodeReaderViewController.m */,
			);
			path = QRCodeReaderViewController;
			sourceTree = "<group>";
		};
/* End PBXGroup section */

/* Begin PBXNativeTarget section */
		D0CAD9BA1AA8008C00D6605B /* XBScanQR */ = {
			isa = PBXNativeTarget;
			buildConfigurationList = D0CAD9DE1AA8008C00D6605B /* Build configuration list for PBXNativeTarget "XBScanQR" */;
			buildPhases = (
				D0CAD9B71AA8008C00D6605B /* Sources */,
				D0CAD9B81AA8008C00D6605B /* Frameworks */,
				D0CAD9B91AA8008C00D6605B /* Resources */,
			);
			buildRules = (
			);
			dependencies = (
			);
			name = XBScanQR;
			productName = XBScanQR;
			productReference = D0CAD9BB1AA8008C00D6605B /* XBScanQR.app */;
			productType = "com.apple.product-type.application";
		};
		D0CAD9D31AA8008C00D6605B /* XBScanQRTests */ = {
			isa = PBXNativeTarget;
			buildConfigurationList = D0CAD9E11AA8008C00D6605B /* Build configuration list for PBXNativeTarget "XBScanQRTests" */;
			buildPhases = (
				D0CAD9D01AA8008C00D6605B /* Sources */,
				D0CAD9D11AA8008C00D6605B /* Frameworks */,
				D0CAD9D21AA8008C00D6605B /* Resources */,
			);
			buildRules = (
			);
			dependencies = (
				D0CAD9D61AA8008C00D6605B /* PBXTargetDependency */,
			);
			name = XBScanQRTests;
			productName = XBScanQRTests;
			productReference = D0CAD9D41AA8008C00D6605B /* XBScanQRTests.xctest */;
			productType = "com.apple.product-type.bundle.unit-test";
		};
/* End PBXNativeTarget section */

/* Begin PBXProject section */
		D0CAD9B31AA8008C00D6605B /* Project object */ = {
			isa = PBXProject;
			attributes = {
				LastUpgradeCheck = 0610;
				ORGANIZATIONNAME = Peter;
				TargetAttributes = {
					D0CAD9BA1AA8008C00D6605B = {
						CreatedOnToolsVersion = 6.1.1;
					};
					D0CAD9D31AA8008C00D6605B = {
						CreatedOnToolsVersion = 6.1.1;
						TestTargetID = D0CAD9BA1AA8008C00D6605B;
					};
				};
			};
			buildConfigurationList = D0CAD9B61AA8008C00D6605B /* Build configuration list for PBXProject "XBScanQR" */;
			compatibilityVersion = "Xcode 3.2";
			developmentRegion = English;
			hasScannedForEncodings = 0;
			knownRegions = (
				en,
				Base,
			);
			mainGroup = D0CAD9B21AA8008C00D6605B;
			productRefGroup = D0CAD9BC1AA8008C00D6605B /* Products */;
			projectDirPath = "";
			projectRoot = "";
			targets = (
				D0CAD9BA1AA8008C00D6605B /* XBScanQR */,
				D0CAD9D31AA8008C00D6605B /* XBScanQRTests */,
			);
		};
/* End PBXProject section */

/* Begin PBXResourcesBuildPhase section */
		D0CAD9B91AA8008C00D6605B /* Resources */ = {
			isa = PBXResourcesBuildPhase;
			buildActionMask = 2147483647;
			files = (
				D03179EB1ACD3D350095D309 /* beep.wav in Resources */,
				D0CAD9CA1AA8008C00D6605B /* Main.storyboard in Resources */,
				D0CAD9CF1AA8008C00D6605B /* LaunchScreen.xib in Resources */,
				D0CAD9CC1AA8008C00D6605B /* Images.xcassets in Resources */,
			);
			runOnlyForDeploymentPostprocessing = 0;
		};
		D0CAD9D21AA8008C00D6605B /* Resources */ = {
			isa = PBXResourcesBuildPhase;
			buildActionMask = 2147483647;
			files = (
			);
			runOnlyForDeploymentPostprocessing = 0;
		};
/* End PBXResourcesBuildPhase section */

/* Begin PBXSourcesBuildPhase section */
		D0CAD9B71AA8008C00D6605B /* Sources */ = {
			isa = PBXSourcesBuildPhase;
			buildActionMask = 2147483647;
			files = (
				D0CAD9C71AA8008C00D6605B /* ViewController.m in Sources */,
				D0CAD9EE1AA8010200D6605B /* QRCodeReaderViewController.m in Sources */,
				D0CAD9C41AA8008C00D6605B /* AppDelegate.m in Sources */,
				D0CAD9ED1AA8010200D6605B /* QRCodeReaderView.m in Sources */,
				D0CAD9C11AA8008C00D6605B /* main.m in Sources */,
				D0CAD9EC1AA8010200D6605B /* QRCameraSwitchButton.m in Sources */,
			);
			runOnlyForDeploymentPostprocessing = 0;
		};
		D0CAD9D01AA8008C00D6605B /* Sources */ = {
			isa = PBXSourcesBuildPhase;
			buildActionMask = 2147483647;
			files = (
				D0CAD9DB1AA8008C00D6605B /* XBScanQRTests.m in Sources */,
			);
			runOnlyForDeploymentPostprocessing = 0;
		};
/* End PBXSourcesBuildPhase section */

/* Begin PBXTargetDependency section */
		D0CAD9D61AA8008C00D6605B /* PBXTargetDependency */ = {
			isa = PBXTargetDependency;
			target = D0CAD9BA1AA8008C00D6605B /* XBScanQR */;
			targetProxy = D0CAD9D51AA8008C00D6605B /* PBXContainerItemProxy */;
		};
/* End PBXTargetDependency section */

/* Begin PBXVariantGroup section */
		D0CAD9C81AA8008C00D6605B /* Main.storyboard */ = {
			isa = PBXVariantGroup;
			children = (
				D0CAD9C91AA8008C00D6605B /* Base */,
			);
			name = Main.storyboard;
			sourceTree = "<group>";
		};
		D0CAD9CD1AA8008C00D6605B /* LaunchScreen.xib */ = {
			isa = PBXVariantGroup;
			children = (
				D0CAD9CE1AA8008C00D6605B /* Base */,
			);
			name = LaunchScreen.xib;
			sourceTree = "<group>";
		};
/* End PBXVariantGroup section */

/* Begin XCBuildConfiguration section */
		D0CAD9DC1AA8008C00D6605B /* Debug */ = {
			isa = XCBuildConfiguration;
			buildSettings = {
				ALWAYS_SEARCH_USER_PATHS = NO;
				CLANG_CXX_LANGUAGE_STANDARD = "gnu++0x";
				CLANG_CXX_LIBRARY = "libc++";
				CLANG_ENABLE_MODULES = YES;
				CLANG_ENABLE_OBJC_ARC = YES;
				CLANG_WARN_BOOL_CONVERSION = YES;
				CLANG_WARN_CONSTANT_CONVERSION = YES;
				CLANG_WARN_DIRECT_OBJC_ISA_USAGE = YES_ERROR;
				CLANG_WARN_EMPTY_BODY = YES;
				CLANG_WARN_ENUM_CONVERSION = YES;
				CLANG_WARN_INT_CONVERSION = YES;
				CLANG_WARN_OBJC_ROOT_CLASS = YES_ERROR;
				CLANG_WARN_UNREACHABLE_CODE = YES;
				CLANG_WARN__DUPLICATE_METHOD_MATCH = YES;
				"CODE_SIGN_IDENTITY[sdk=iphoneos*]" = "iPhone Developer";
				COPY_PHASE_STRIP = NO;
				ENABLE_STRICT_OBJC_MSGSEND = YES;
				GCC_C_LANGUAGE_STANDARD = gnu99;
				GCC_DYNAMIC_NO_PIC = NO;
				GCC_OPTIMIZATION_LEVEL = 0;
				GCC_PREPROCESSOR_DEFINITIONS = (
					"DEBUG=1",
					"$(inherited)",
				);
				GCC_SYMBOLS_PRIVATE_EXTERN = NO;
				GCC_WARN_64_TO_32_BIT_CONVERSION = YES;
				GCC_WARN_ABOUT_RETURN_TYPE = YES_ERROR;
				GCC_WARN_UNDECLARED_SELECTOR = YES;
				GCC_WARN_UNINITIALIZED_AUTOS = YES_AGGRESSIVE;
				GCC_WARN_UNUSED_FUNCTION = YES;
				GCC_WARN_UNUSED_VARIABLE = YES;
				IPHONEOS_DEPLOYMENT_TARGET = 8.1;
				MTL_ENABLE_DEBUG_INFO = YES;
				ONLY_ACTIVE_ARCH = YES;
				SDKROOT = iphoneos;
			};
			name = Debug;
		};
		D0CAD9DD1AA8008C00D6605B /* Release */ = {
			isa = XCBuildConfiguration;
			buildSettings = {
				ALWAYS_SEARCH_USER_PATHS = NO;
				CLANG_CXX_LANGUAGE_STANDARD = "gnu++0x";
				CLANG_CXX_LIBRARY = "libc++";
				CLANG_ENABLE_MODULES = YES;
				CLANG_ENABLE_OBJC_ARC = YES;
				CLANG_WARN_BOOL_CONVERSION = YES;
				CLANG_WARN_CONSTANT_CONVERSION = YES;
				CLANG_WARN_DIRECT_OBJC_ISA_USAGE = YES_ERROR;
				CLANG_WARN_EMPTY_BODY = YES;
				CLANG_WARN_ENUM_CONVERSION = YES;
				CLANG_WARN_INT_CONVERSION = YES;
				CLANG_WARN_OBJC_ROOT_CLASS = YES_ERROR;
				CLANG_WARN_UNREACHABLE_CODE = YES;
				CLANG_WARN__DUPLICATE_METHOD_MATCH = YES;
				"CODE_SIGN_IDENTITY[sdk=iphoneos*]" = "iPhone Developer";
				COPY_PHASE_STRIP = YES;
				ENABLE_NS_ASSERTIONS = NO;
				ENABLE_STRICT_OBJC_MSGSEND = YES;
				GCC_C_LANGUAGE_STANDARD = gnu99;
				GCC_WARN_64_TO_32_BIT_CONVERSION = YES;
				GCC_WARN_ABOUT_RETURN_TYPE = YES_ERROR;
				GCC_WARN_UNDECLARED_SELECTOR = YES;
				GCC_WARN_UNINITIALIZED_AUTOS = YES_AGGRESSIVE;
				GCC_WARN_UNUSED_FUNCTION = YES;
				GCC_WARN_UNUSED_VARIABLE = YES;
				IPHONEOS_DEPLOYMENT_TARGET = 8.1;
				MTL_ENABLE_DEBUG_INFO = NO;
				SDKROOT = iphoneos;
				VALIDATE_PRODUCT = YES;
			};
			name = Release;
		};
		D0CAD9DF1AA8008C00D6605B /* Debug */ = {
			isa = XCBuildConfiguration;
			buildSettings = {
				ASSETCATALOG_COMPILER_APPICON_NAME = AppIcon;
				INFOPLIST_FILE = XBScanQR/Info.plist;
				LD_RUNPATH_SEARCH_PATHS = "$(inherited) @executable_path/Frameworks";
				PRODUCT_NAME = "$(TARGET_NAME)";
			};
			name = Debug;
		};
		D0CAD9E01AA8008C00D6605B /* Release */ = {
			isa = XCBuildConfiguration;
			buildSettings = {
				ASSETCATALOG_COMPILER_APPICON_NAME = AppIcon;
				INFOPLIST_FILE = XBScanQR/Info.plist;
				LD_RUNPATH_SEARCH_PATHS = "$(inherited) @executable_path/Frameworks";
				PRODUCT_NAME = "$(TARGET_NAME)";
			};
			name = Release;
		};
		D0CAD9E21AA8008C00D6605B /* Debug */ = {
			isa = XCBuildConfiguration;
			buildSettings = {
				BUNDLE_LOADER = "$(TEST_HOST)";
				FRAMEWORK_SEARCH_PATHS = (
					"$(SDKROOT)/Developer/Library/Frameworks",
					"$(inherited)",
				);
				GCC_PREPROCESSOR_DEFINITIONS = (
					"DEBUG=1",
					"$(inherited)",
				);
				INFOPLIST_FILE = XBScanQRTests/Info.plist;
				LD_RUNPATH_SEARCH_PATHS = "$(inherited) @executable_path/Frameworks @loader_path/Frameworks";
				PRODUCT_NAME = "$(TARGET_NAME)";
				TEST_HOST = "$(BUILT_PRODUCTS_DIR)/XBScanQR.app/XBScanQR";
			};
			name = Debug;
		};
		D0CAD9E31AA8008C00D6605B /* Release */ = {
			isa = XCBuildConfiguration;
			buildSettings = {
				BUNDLE_LOADER = "$(TEST_HOST)";
				FRAMEWORK_SEARCH_PATHS = (
					"$(SDKROOT)/Developer/Library/Frameworks",
					"$(inherited)",
				);
				INFOPLIST_FILE = XBScanQRTests/Info.plist;
				LD_RUNPATH_SEARCH_PATHS = "$(inherited) @executable_path/Frameworks @loader_path/Frameworks";
				PRODUCT_NAME = "$(TARGET_NAME)";
				TEST_HOST = "$(BUILT_PRODUCTS_DIR)/XBScanQR.app/XBScanQR";
			};
			name = Release;
		};
/* End XCBuildConfiguration section */

/* Begin XCConfigurationList section */
		D0CAD9B61AA8008C00D6605B /* Build configuration list for PBXProject "XBScanQR" */ = {
			isa = XCConfigurationList;
			buildConfigurations = (
				D0CAD9DC1AA8008C00D6605B /* Debug */,
				D0CAD9DD1AA8008C00D6605B /* Release */,
			);
			defaultConfigurationIsVisible = 0;
			defaultConfigurationName = Release;
		};
		D0CAD9DE1AA8008C00D6605B /* Build configuration list for PBXNativeTarget "XBScanQR" */ = {
			isa = XCConfigurationList;
			buildConfigurations = (
				D0CAD9DF1AA8008C00D6605B /* Debug */,
				D0CAD9E01AA8008C00D6605B /* Release */,
			);
			defaultConfigurationIsVisible = 0;
			defaultConfigurationName = Release;
		};
		D0CAD9E11AA8008C00D6605B /* Build configuration list for PBXNativeTarget "XBScanQRTests" */ = {
			isa = XCConfigurationList;
			buildConfigurations = (
				D0CAD9E21AA8008C00D6605B /* Debug */,
				D0CAD9E31AA8008C00D6605B /* Release */,
			);
			defaultConfigurationIsVisible = 0;
			defaultConfigurationName = Release;
		};
/* End XCConfigurationList section */
	};
	rootObject = D0CAD9B31AA8008C00D6605B /* Project object */;
}
